{
  "name": "@unq-ui/gog-model-js",
  "version": "1.1.10",
  "lockfileVersion": 3,
  "requires": true,
  "packages": {
    "": {
      "name": "@unq-ui/gog-model-js",
      "version": "1.1.10",
      "license": "ISC",
      "dependencies": {
        "rand-seed": "^2.1.7"
      }
    },
    "node_modules/rand-seed": {
      "version": "2.1.7",
      "resolved": "https://registry.npmjs.org/rand-seed/-/rand-seed-2.1.7.tgz",
      "integrity": "sha512-Yaz75D2fTWtIr69iDd+PGwtQkFkqOIMQZl+W8U3NMR6F2a1UEk2FmnQkNd6Z1eNtL96Z5nznw5PKYk1Z9m6lxw==",
      "license": "MIT"
    }
  }
}
